
Microsoft Visual Studio Solution File, Format Version 12.00
Project("{FAE04EC0-301F-11D3-BF4B-00C04F79EFBC}") = "IKT_Konyvek_Lazulasz_Partizasz", "IKT_Konyvek_Lazulasz_Partizasz\IKT_Konyvek_Lazulasz_Partizasz.csproj", "{29E95BCD-C8B8-4ED9-A7FA-3A5F59BD1F74}"
EndProject
Global
	GlobalSection(SolutionConfigurationPlatforms) = preSolution
		Debug|Any CPU = Debug|Any CPU
		Release|Any CPU = Release|Any CPU
	EndGlobalSection
	GlobalSection(ProjectConfigurationPlatforms) = postSolution
		{29E95BCD-C8B8-4ED9-A7FA-3A5F59BD1F74}.Debug|Any CPU.ActiveCfg = Debug|Any CPU
		{29E95BCD-C8B8-4ED9-A7FA-3A5F59BD1F74}.Debug|Any CPU.Build.0 = Debug|Any CPU
		{29E95BCD-C8B8-4ED9-A7FA-3A5F59BD1F74}.Release|Any CPU.ActiveCfg = Release|Any CPU
		{29E95BCD-C8B8-4ED9-A7FA-3A5F59BD1F74}.Release|Any CPU.Build.0 = Release|Any CPU
	EndGlobalSection
EndGlobal
